
Microsoft Visual Studio Solution File, Format Version 12.00
# Visual Studio Version 17
VisualStudioVersion = 17.8.34511.84
MinimumVisualStudioVersion = 10.0.40219.1
Project("{9A19103F-16F7-4668-BE54-9A1E7A4F7556}") = "HotKeyBug", "HotKeyBug\HotKeyBug.csproj", "{9F5F135E-3CC2-4255-96F8-D6F95EA6203C}"
EndProject
Project("{9A19103F-16F7-4668-BE54-9A1E7A4F7556}") = "HotKeyBug.Desktop", "HotKeyBug.Desktop\HotKeyBug.Desktop.csproj", "{9B35541D-73DC-4A26-8F9B-34215E021381}"
EndProject
Global
	GlobalSection(SolutionConfigurationPlatforms) = preSolution
		Debug|Any CPU = Debug|Any CPU
		Release|Any CPU = Release|Any CPU
	EndGlobalSection
	GlobalSection(ProjectConfigurationPlatforms) = postSolution
		{9F5F135E-3CC2-4255-96F8-D6F95EA6203C}.Debug|Any CPU.ActiveCfg = Debug|Any CPU
		{9F5F135E-3CC2-4255-96F8-D6F95EA6203C}.Debug|Any CPU.Build.0 = Debug|Any CPU
		{9F5F135E-3CC2-4255-96F8-D6F95EA6203C}.Release|Any CPU.ActiveCfg = Release|Any CPU
		{9F5F135E-3CC2-4255-96F8-D6F95EA6203C}.Release|Any CPU.Build.0 = Release|Any CPU
		{9B35541D-73DC-4A26-8F9B-34215E021381}.Debug|Any CPU.ActiveCfg = Debug|Any CPU
		{9B35541D-73DC-4A26-8F9B-34215E021381}.Debug|Any CPU.Build.0 = Debug|Any CPU
		{9B35541D-73DC-4A26-8F9B-34215E021381}.Release|Any CPU.ActiveCfg = Release|Any CPU
		{9B35541D-73DC-4A26-8F9B-34215E021381}.Release|Any CPU.Build.0 = Release|Any CPU
	EndGlobalSection
	GlobalSection(SolutionProperties) = preSolution
		HideSolutionNode = FALSE
	EndGlobalSection
	GlobalSection(ExtensibilityGlobals) = postSolution
		SolutionGuid = {314FD534-67AE-4185-99A4-B15A3CA7DD2E}
	EndGlobalSection
EndGlobal
